{
    "name": "idleon-injector-ui",
    "version": "1.6.1",
    "lockfileVersion": 2,
    "requires": true,
    "packages": {
        "": {
            "name": "idleon-injector-ui",
            "version": "1.6.1",
            "dependencies": {
                "chrome-remote-interface": "^0.33.0",
                "enquirer": "^2.3.6"
            },
            "bin": {
                "idleon-injector-ui": "src/main.js"
            }
        },
        "node_modules/ansi-colors": {
            "version": "4.1.3",
            "resolved": "https://registry.npmjs.org/ansi-colors/-/ansi-colors-4.1.3.tgz",
            "integrity": "sha512-/6w/C21Pm1A7aZitlI5Ni/2J6FFQN8i1Cvz3kHABAAbw93v/NlvKdVOqz7CCWz/3iv/JplRSEEZ83XION15ovw==",
            "engines": {
                "node": ">=6"
            }
        },
        "node_modules/chrome-remote-interface": {
            "version": "0.33.3",
            "resolved": "https://registry.npmjs.org/chrome-remote-interface/-/chrome-remote-interface-0.33.3.tgz",
            "integrity": "sha512-zNnn0prUL86Teru6UCAZ1yU1XeXljHl3gj7OrfPcarEfU62OUU4IujDPdTDW3dAWwRqN3ZMG/Chhkh2gPL/wiw==",
            "license": "MIT",
            "dependencies": {
                "commander": "2.11.x",
                "ws": "^7.2.0"
            },
            "bin": {
                "chrome-remote-interface": "bin/client.js"
            }
        },
        "node_modules/chrome-remote-interface/node_modules/ws": {
            "version": "7.5.10",
            "resolved": "https://registry.npmjs.org/ws/-/ws-7.5.10.tgz",
            "integrity": "sha512-+dbF1tHwZpXcbOJdVOkzLDxZP1ailvSxM6ZweXTegylPny803bFhA+vqBYw4s31NSAk4S2Qz+AKXK9a4wkdjcQ==",
            "license": "MIT",
            "engines": {
                "node": ">=8.3.0"
            },
            "peerDependencies": {
                "bufferutil": "^4.0.1",
                "utf-8-validate": "^5.0.2"
            },
            "peerDependenciesMeta": {
                "bufferutil": {
                    "optional": true
                },
                "utf-8-validate": {
                    "optional": true
                }
            }
        },
        "node_modules/commander": {
            "version": "2.11.0",
            "resolved": "https://registry.npmjs.org/commander/-/commander-2.11.0.tgz",
            "integrity": "sha512-b0553uYA5YAEGgyYIGYROzKQ7X5RAqedkfjiZxwi0kL1g3bOaBNNZfYkzt/CL0umgD5wc9Jec2FbB98CjkMRvQ=="
        },
        "node_modules/enquirer": {
            "version": "2.3.6",
            "resolved": "https://registry.npmjs.org/enquirer/-/enquirer-2.3.6.tgz",
            "integrity": "sha512-yjNnPr315/FjS4zIsUxYguYUPP2e1NK4d7E7ZOLiyYCcbFBiTMyID+2wvm2w6+pZ/odMA7cRkjhsPbltwBOrLg==",
            "dependencies": {
                "ansi-colors": "^4.1.1"
            },
            "engines": {
                "node": ">=8.6"
            }
        }
    },
    "dependencies": {
        "ansi-colors": {
            "version": "4.1.3",
            "resolved": "https://registry.npmjs.org/ansi-colors/-/ansi-colors-4.1.3.tgz",
            "integrity": "sha512-/6w/C21Pm1A7aZitlI5Ni/2J6FFQN8i1Cvz3kHABAAbw93v/NlvKdVOqz7CCWz/3iv/JplRSEEZ83XION15ovw=="
        },
        "chrome-remote-interface": {
            "version": "0.33.3",
            "resolved": "https://registry.npmjs.org/chrome-remote-interface/-/chrome-remote-interface-0.33.3.tgz",
            "integrity": "sha512-zNnn0prUL86Teru6UCAZ1yU1XeXljHl3gj7OrfPcarEfU62OUU4IujDPdTDW3dAWwRqN3ZMG/Chhkh2gPL/wiw==",
            "requires": {
                "commander": "2.11.x",
                "ws": "^7.2.0"
            },
            "dependencies": {
                "ws": {
                    "version": "7.5.10",
                    "resolved": "https://registry.npmjs.org/ws/-/ws-7.5.10.tgz",
                    "integrity": "sha512-+dbF1tHwZpXcbOJdVOkzLDxZP1ailvSxM6ZweXTegylPny803bFhA+vqBYw4s31NSAk4S2Qz+AKXK9a4wkdjcQ==",
                    "requires": {}
                }
            }
        },
        "commander": {
            "version": "2.11.0",
            "resolved": "https://registry.npmjs.org/commander/-/commander-2.11.0.tgz",
            "integrity": "sha512-b0553uYA5YAEGgyYIGYROzKQ7X5RAqedkfjiZxwi0kL1g3bOaBNNZfYkzt/CL0umgD5wc9Jec2FbB98CjkMRvQ=="
        },
        "enquirer": {
            "version": "2.3.6",
            "resolved": "https://registry.npmjs.org/enquirer/-/enquirer-2.3.6.tgz",
            "integrity": "sha512-yjNnPr315/FjS4zIsUxYguYUPP2e1NK4d7E7ZOLiyYCcbFBiTMyID+2wvm2w6+pZ/odMA7cRkjhsPbltwBOrLg==",
            "requires": {
                "ansi-colors": "^4.1.1"
            }
        }
    }
}
